
Microsoft Visual Studio Solution File, Format Version 12.00
# Visual Studio Version 16
VisualStudioVersion = 16.0.30011.22
MinimumVisualStudioVersion = 10.0.40219.1
Project("{FAE04EC0-301F-11D3-BF4B-00C04F79EFBC}") = "WEBapi", "WEBapi.csproj", "{05744ECC-4DDE-4816-8413-62520F5869CF}"
EndProject
Global
	GlobalSection(SolutionConfigurationPlatforms) = preSolution
		Debug|Any CPU = Debug|Any CPU
		Release|Any CPU = Release|Any CPU
	EndGlobalSection
	GlobalSection(ProjectConfigurationPlatforms) = postSolution
		{05744ECC-4DDE-4816-8413-62520F5869CF}.Debug|Any CPU.ActiveCfg = Debug|Any CPU
		{05744ECC-4DDE-4816-8413-62520F5869CF}.Debug|Any CPU.Build.0 = Debug|Any CPU
		{05744ECC-4DDE-4816-8413-62520F5869CF}.Release|Any CPU.ActiveCfg = Release|Any CPU
		{05744ECC-4DDE-4816-8413-62520F5869CF}.Release|Any CPU.Build.0 = Release|Any CPU
	EndGlobalSection
	GlobalSection(SolutionProperties) = preSolution
		HideSolutionNode = FALSE
	EndGlobalSection
	GlobalSection(ExtensibilityGlobals) = postSolution
		SolutionGuid = {D5484B80-6E0D-490D-AC3D-9F2FAAD1B869}
	EndGlobalSection
EndGlobal
